
Microsoft Visual Studio Solution File, Format Version 12.00
# Visual Studio 15
VisualStudioVersion = 15.0.28307.271
MinimumVisualStudioVersion = 10.0.40219.1
Project("{2150E333-8FDC-42A3-9474-1A3956D46DE8}") = "Core", "Core", "{5AEBA8D4-993B-4324-BDA6-8FEF340DB1D3}"
EndProject
Project("{2150E333-8FDC-42A3-9474-1A3956D46DE8}") = "Presentation", "Presentation", "{CDF1AF0A-9E95-48C5-80A6-D9556CAC25FB}"
EndProject
Project("{FAE04EC0-301F-11D3-BF4B-00C04F79EFBC}") = "Data", "Data\Data.csproj", "{5E911214-08D2-49DE-AF56-9EA5F6981284}"
EndProject
Project("{FAE04EC0-301F-11D3-BF4B-00C04F79EFBC}") = "ApplicationServices", "ApplicationServices\ApplicationServices.csproj", "{E84B19D8-FA0C-49C5-8970-9C81D05D0653}"
EndProject
Project("{FAE04EC0-301F-11D3-BF4B-00C04F79EFBC}") = "Repositories", "Repositories\Repositories.csproj", "{4ED3AC59-8FED-4DBC-99FF-4A8677154768}"
EndProject
Project("{FAE04EC0-301F-11D3-BF4B-00C04F79EFBC}") = "GamesWebAPI", "GamesWebAPI\GamesWebAPI.csproj", "{BEE5B1E8-4B82-479F-87A3-A2A9F4891167}"
EndProject
Project("{FAE04EC0-301F-11D3-BF4B-00C04F79EFBC}") = "GamesWebsite", "GamesWebsite\GamesWebsite.csproj", "{0B9B43AC-9A88-4089-AAAF-FDDE6AA15687}"
EndProject
Global
	GlobalSection(SolutionConfigurationPlatforms) = preSolution
		Debug|Any CPU = Debug|Any CPU
		Release|Any CPU = Release|Any CPU
	EndGlobalSection
	GlobalSection(ProjectConfigurationPlatforms) = postSolution
		{5E911214-08D2-49DE-AF56-9EA5F6981284}.Debug|Any CPU.ActiveCfg = Debug|Any CPU
		{5E911214-08D2-49DE-AF56-9EA5F6981284}.Debug|Any CPU.Build.0 = Debug|Any CPU
		{5E911214-08D2-49DE-AF56-9EA5F6981284}.Release|Any CPU.ActiveCfg = Release|Any CPU
		{5E911214-08D2-49DE-AF56-9EA5F6981284}.Release|Any CPU.Build.0 = Release|Any CPU
		{E84B19D8-FA0C-49C5-8970-9C81D05D0653}.Debug|Any CPU.ActiveCfg = Debug|Any CPU
		{E84B19D8-FA0C-49C5-8970-9C81D05D0653}.Debug|Any CPU.Build.0 = Debug|Any CPU
		{E84B19D8-FA0C-49C5-8970-9C81D05D0653}.Release|Any CPU.ActiveCfg = Release|Any CPU
		{E84B19D8-FA0C-49C5-8970-9C81D05D0653}.Release|Any CPU.Build.0 = Release|Any CPU
		{4ED3AC59-8FED-4DBC-99FF-4A8677154768}.Debug|Any CPU.ActiveCfg = Debug|Any CPU
		{4ED3AC59-8FED-4DBC-99FF-4A8677154768}.Debug|Any CPU.Build.0 = Debug|Any CPU
		{4ED3AC59-8FED-4DBC-99FF-4A8677154768}.Release|Any CPU.ActiveCfg = Release|Any CPU
		{4ED3AC59-8FED-4DBC-99FF-4A8677154768}.Release|Any CPU.Build.0 = Release|Any CPU
		{BEE5B1E8-4B82-479F-87A3-A2A9F4891167}.Debug|Any CPU.ActiveCfg = Debug|Any CPU
		{BEE5B1E8-4B82-479F-87A3-A2A9F4891167}.Debug|Any CPU.Build.0 = Debug|Any CPU
		{BEE5B1E8-4B82-479F-87A3-A2A9F4891167}.Release|Any CPU.ActiveCfg = Release|Any CPU
		{BEE5B1E8-4B82-479F-87A3-A2A9F4891167}.Release|Any CPU.Build.0 = Release|Any CPU
		{0B9B43AC-9A88-4089-AAAF-FDDE6AA15687}.Debug|Any CPU.ActiveCfg = Debug|Any CPU
		{0B9B43AC-9A88-4089-AAAF-FDDE6AA15687}.Debug|Any CPU.Build.0 = Debug|Any CPU
		{0B9B43AC-9A88-4089-AAAF-FDDE6AA15687}.Release|Any CPU.ActiveCfg = Release|Any CPU
		{0B9B43AC-9A88-4089-AAAF-FDDE6AA15687}.Release|Any CPU.Build.0 = Release|Any CPU
	EndGlobalSection
	GlobalSection(SolutionProperties) = preSolution
		HideSolutionNode = FALSE
	EndGlobalSection
	GlobalSection(NestedProjects) = preSolution
		{5E911214-08D2-49DE-AF56-9EA5F6981284} = {5AEBA8D4-993B-4324-BDA6-8FEF340DB1D3}
		{E84B19D8-FA0C-49C5-8970-9C81D05D0653} = {5AEBA8D4-993B-4324-BDA6-8FEF340DB1D3}
		{4ED3AC59-8FED-4DBC-99FF-4A8677154768} = {5AEBA8D4-993B-4324-BDA6-8FEF340DB1D3}
		{BEE5B1E8-4B82-479F-87A3-A2A9F4891167} = {CDF1AF0A-9E95-48C5-80A6-D9556CAC25FB}
		{0B9B43AC-9A88-4089-AAAF-FDDE6AA15687} = {CDF1AF0A-9E95-48C5-80A6-D9556CAC25FB}
	EndGlobalSection
	GlobalSection(ExtensibilityGlobals) = postSolution
		SolutionGuid = {886F6AF5-99FB-4600-8248-C79173B60C8A}
	EndGlobalSection
EndGlobal
